{
  "name": "react-fatigue-dev",
  "version": "1.0.0",
  "lockfileVersion": 1,
  "requires": true,
  "dependencies": {
    "babel-plugin-syntax-object-rest-spread": {
      "version": "7.0.0-alpha.19",
      "resolved": "https://registry.npmjs.org/babel-plugin-syntax-object-rest-spread/-/babel-plugin-syntax-object-rest-spread-7.0.0-alpha.19.tgz",
      "integrity": "sha512-Jo9wXmU9AtufOFPdQpedc+j7Ck5okGYsK0zkk2NZNae61SAtuMF5M3aRUeZusrssPqWC32pOiBokbApIFHdlXw=="
    },
    "babel-plugin-syntax-typescript": {
      "version": "7.0.0-alpha.19",
      "resolved": "https://registry.npmjs.org/babel-plugin-syntax-typescript/-/babel-plugin-syntax-typescript-7.0.0-alpha.19.tgz",
      "integrity": "sha512-jLuaWfoQsVr8/hmZtWB+86tZ5jYmOYV6kq70EkSUT7RR+gfeYOExS0FjObbbp+WExZNpBaRZvlyikNk3hCQGeQ=="
    },
    "babel-plugin-transform-typescript": {
      "version": "7.0.0-alpha.19",
      "resolved": "https://registry.npmjs.org/babel-plugin-transform-typescript/-/babel-plugin-transform-typescript-7.0.0-alpha.19.tgz",
      "integrity": "sha512-OtkOYcYRffmC38/UjDZn2cvM2qarqDT748TbSJtVpNb7EvDLQcfPn9+0adk8oqmhc0lk+Ldy/2daGMNMxW0vuQ==",
      "requires": {
        "babel-plugin-syntax-typescript": "7.0.0-alpha.19"
      }
    },
    "babel-preset-typescript": {
      "version": "7.0.0-alpha.19",
      "resolved": "https://registry.npmjs.org/babel-preset-typescript/-/babel-preset-typescript-7.0.0-alpha.19.tgz",
      "integrity": "sha512-2VGIgn58ohmVXhc+qAx0OsihQHQm5R+Y1Mu7bu98HbCJtR/CzEdZs8qCtPb1XmYKF8XRNvZQge44dPTVimI2/w==",
      "requires": {
        "babel-plugin-syntax-object-rest-spread": "7.0.0-alpha.19",
        "babel-plugin-transform-typescript": "7.0.0-alpha.19"
      }
    }
  }
}
